
Microsoft Visual Studio Solution File, Format Version 12.00
# Visual Studio Version 16
VisualStudioVersion = 16.0.29102.190
MinimumVisualStudioVersion = 10.0.40219.1
Project("{9A19103F-16F7-4668-BE54-9A1E7A4F7556}") = "GyCodeTemplate.Common", "GyCodeTemplate.Common\GyCodeTemplate.Common.csproj", "{B0F90E0E-1111-4F9F-A33C-2BE097EA86EE}"
EndProject
Project("{9A19103F-16F7-4668-BE54-9A1E7A4F7556}") = "GyCodeTemplate.Web", "GyCodeTemplate.Web\GyCodeTemplate.Web.csproj", "{C3C755AB-A703-46ED-B4EA-1C2A3938621A}"
EndProject
Project("{9A19103F-16F7-4668-BE54-9A1E7A4F7556}") = "GyCodeTemplate.Models", "GyCodeTemplate.Models\GyCodeTemplate.Models.csproj", "{BCAF8952-4E81-41CC-89DE-4C5967A1CEF4}"
EndProject
Project("{9A19103F-16F7-4668-BE54-9A1E7A4F7556}") = "GyCodeTemplate.Service", "GyCodeTemplate.Service\GyCodeTemplate.Service.csproj", "{2E52A6C6-2466-4CCB-B02C-65EC05792D24}"
EndProject
Project("{9A19103F-16F7-4668-BE54-9A1E7A4F7556}") = "GyCodeTemplate.Repository", "GyCodeTemplate.Repository\GyCodeTemplate.Repository.csproj", "{C2AE248F-F114-4442-BEEE-9ED637D99D72}"
EndProject
Project("{FAE04EC0-301F-11D3-BF4B-00C04F79EFBC}") = "GyCodeTemplate.UnitTest", "GyCodeTemplate.UnitTest\GyCodeTemplate.UnitTest.csproj", "{AEDFC961-4975-482F-B358-CF94837BF44B}"
EndProject
Global
	GlobalSection(SolutionConfigurationPlatforms) = preSolution
		Debug|Any CPU = Debug|Any CPU
		Release|Any CPU = Release|Any CPU
	EndGlobalSection
	GlobalSection(ProjectConfigurationPlatforms) = postSolution
		{B0F90E0E-1111-4F9F-A33C-2BE097EA86EE}.Debug|Any CPU.ActiveCfg = Debug|Any CPU
		{B0F90E0E-1111-4F9F-A33C-2BE097EA86EE}.Debug|Any CPU.Build.0 = Debug|Any CPU
		{B0F90E0E-1111-4F9F-A33C-2BE097EA86EE}.Release|Any CPU.ActiveCfg = Release|Any CPU
		{B0F90E0E-1111-4F9F-A33C-2BE097EA86EE}.Release|Any CPU.Build.0 = Release|Any CPU
		{C3C755AB-A703-46ED-B4EA-1C2A3938621A}.Debug|Any CPU.ActiveCfg = Debug|Any CPU
		{C3C755AB-A703-46ED-B4EA-1C2A3938621A}.Debug|Any CPU.Build.0 = Debug|Any CPU
		{C3C755AB-A703-46ED-B4EA-1C2A3938621A}.Release|Any CPU.ActiveCfg = Release|Any CPU
		{C3C755AB-A703-46ED-B4EA-1C2A3938621A}.Release|Any CPU.Build.0 = Release|Any CPU
		{BCAF8952-4E81-41CC-89DE-4C5967A1CEF4}.Debug|Any CPU.ActiveCfg = Debug|Any CPU
		{BCAF8952-4E81-41CC-89DE-4C5967A1CEF4}.Debug|Any CPU.Build.0 = Debug|Any CPU
		{BCAF8952-4E81-41CC-89DE-4C5967A1CEF4}.Release|Any CPU.ActiveCfg = Release|Any CPU
		{BCAF8952-4E81-41CC-89DE-4C5967A1CEF4}.Release|Any CPU.Build.0 = Release|Any CPU
		{2E52A6C6-2466-4CCB-B02C-65EC05792D24}.Debug|Any CPU.ActiveCfg = Debug|Any CPU
		{2E52A6C6-2466-4CCB-B02C-65EC05792D24}.Debug|Any CPU.Build.0 = Debug|Any CPU
		{2E52A6C6-2466-4CCB-B02C-65EC05792D24}.Release|Any CPU.ActiveCfg = Release|Any CPU
		{2E52A6C6-2466-4CCB-B02C-65EC05792D24}.Release|Any CPU.Build.0 = Release|Any CPU
		{C2AE248F-F114-4442-BEEE-9ED637D99D72}.Debug|Any CPU.ActiveCfg = Debug|Any CPU
		{C2AE248F-F114-4442-BEEE-9ED637D99D72}.Debug|Any CPU.Build.0 = Debug|Any CPU
		{C2AE248F-F114-4442-BEEE-9ED637D99D72}.Release|Any CPU.ActiveCfg = Release|Any CPU
		{C2AE248F-F114-4442-BEEE-9ED637D99D72}.Release|Any CPU.Build.0 = Release|Any CPU
		{AEDFC961-4975-482F-B358-CF94837BF44B}.Debug|Any CPU.ActiveCfg = Debug|Any CPU
		{AEDFC961-4975-482F-B358-CF94837BF44B}.Debug|Any CPU.Build.0 = Debug|Any CPU
		{AEDFC961-4975-482F-B358-CF94837BF44B}.Release|Any CPU.ActiveCfg = Release|Any CPU
		{AEDFC961-4975-482F-B358-CF94837BF44B}.Release|Any CPU.Build.0 = Release|Any CPU
	EndGlobalSection
	GlobalSection(SolutionProperties) = preSolution
		HideSolutionNode = FALSE
	EndGlobalSection
	GlobalSection(ExtensibilityGlobals) = postSolution
		SolutionGuid = {7F8E70B9-E07D-4844-BD53-1540821C6A32}
	EndGlobalSection
EndGlobal
